
Microsoft Visual Studio Solution File, Format Version 11.00
# Visual Studio 2010
Project("{F2A71F9B-5D33-465A-A702-920D77279786}") = "TaskbarExtender", "TaskbarExtender\TaskbarExtender.fsproj", "{A12A85A0-61B5-4CAD-93B2-315F1131CE13}"
	ProjectSection(ProjectDependencies) = postProject
		{AFB07ED8-F0C5-4272-963B-0029AE311E05} = {AFB07ED8-F0C5-4272-963B-0029AE311E05}
	EndProjectSection
EndProject
Project("{8BC9CEB8-8B4A-11D0-8D11-00A0C91BC942}") = "TaskbarNativeCode", "TaskbarNativeCode\TaskbarNativeCode.vcxproj", "{AFB07ED8-F0C5-4272-963B-0029AE311E05}"
EndProject
Project("{8BC9CEB8-8B4A-11D0-8D11-00A0C91BC942}") = "ProcessStub", "ProcessStub\ProcessStub.vcxproj", "{D6B67C3A-3CE6-454A-9566-7940B63E891E}"
EndProject
Global
	GlobalSection(SolutionConfigurationPlatforms) = preSolution
		db32|Any CPU = db32|Any CPU
		db32|Mixed Platforms = db32|Mixed Platforms
		db32|Win32 = db32|Win32
		db32|x64 = db32|x64
		db32|x86 = db32|x86
		db64|Any CPU = db64|Any CPU
		db64|Mixed Platforms = db64|Mixed Platforms
		db64|Win32 = db64|Win32
		db64|x64 = db64|x64
		db64|x86 = db64|x86
		Debug|Any CPU = Debug|Any CPU
		Debug|Mixed Platforms = Debug|Mixed Platforms
		Debug|Win32 = Debug|Win32
		Debug|x64 = Debug|x64
		Debug|x86 = Debug|x86
		debug64|Any CPU = debug64|Any CPU
		debug64|Mixed Platforms = debug64|Mixed Platforms
		debug64|Win32 = debug64|Win32
		debug64|x64 = debug64|x64
		debug64|x86 = debug64|x86
		Release|Any CPU = Release|Any CPU
		Release|Mixed Platforms = Release|Mixed Platforms
		Release|Win32 = Release|Win32
		Release|x64 = Release|x64
		Release|x86 = Release|x86
	EndGlobalSection
	GlobalSection(ProjectConfigurationPlatforms) = postSolution
		{A12A85A0-61B5-4CAD-93B2-315F1131CE13}.db32|Any CPU.ActiveCfg = db32|x86
		{A12A85A0-61B5-4CAD-93B2-315F1131CE13}.db32|Mixed Platforms.ActiveCfg = db32|x86
		{A12A85A0-61B5-4CAD-93B2-315F1131CE13}.db32|Win32.ActiveCfg = db32|x86
		{A12A85A0-61B5-4CAD-93B2-315F1131CE13}.db32|x64.ActiveCfg = db32|x86
		{A12A85A0-61B5-4CAD-93B2-315F1131CE13}.db32|x86.ActiveCfg = db32|x86
		{A12A85A0-61B5-4CAD-93B2-315F1131CE13}.db32|x86.Build.0 = db32|x86
		{A12A85A0-61B5-4CAD-93B2-315F1131CE13}.db64|Any CPU.ActiveCfg = db32|x86
		{A12A85A0-61B5-4CAD-93B2-315F1131CE13}.db64|Mixed Platforms.ActiveCfg = db32|x86
		{A12A85A0-61B5-4CAD-93B2-315F1131CE13}.db64|Win32.ActiveCfg = db32|x86
		{A12A85A0-61B5-4CAD-93B2-315F1131CE13}.db64|x64.ActiveCfg = db32|x86
		{A12A85A0-61B5-4CAD-93B2-315F1131CE13}.db64|x86.ActiveCfg = db32|x86
		{A12A85A0-61B5-4CAD-93B2-315F1131CE13}.db64|x86.Build.0 = db32|x86
		{A12A85A0-61B5-4CAD-93B2-315F1131CE13}.Debug|Any CPU.ActiveCfg = Debug|x86
		{A12A85A0-61B5-4CAD-93B2-315F1131CE13}.Debug|Mixed Platforms.ActiveCfg = Debug|x86
		{A12A85A0-61B5-4CAD-93B2-315F1131CE13}.Debug|Mixed Platforms.Build.0 = Debug|x86
		{A12A85A0-61B5-4CAD-93B2-315F1131CE13}.Debug|Win32.ActiveCfg = Debug|x86
		{A12A85A0-61B5-4CAD-93B2-315F1131CE13}.Debug|x64.ActiveCfg = Debug|x86
		{A12A85A0-61B5-4CAD-93B2-315F1131CE13}.Debug|x86.ActiveCfg = Debug|x86
		{A12A85A0-61B5-4CAD-93B2-315F1131CE13}.Debug|x86.Build.0 = Debug|x86
		{A12A85A0-61B5-4CAD-93B2-315F1131CE13}.debug64|Any CPU.ActiveCfg = Debug|x86
		{A12A85A0-61B5-4CAD-93B2-315F1131CE13}.debug64|Mixed Platforms.ActiveCfg = Debug|x86
		{A12A85A0-61B5-4CAD-93B2-315F1131CE13}.debug64|Win32.ActiveCfg = Debug|x86
		{A12A85A0-61B5-4CAD-93B2-315F1131CE13}.debug64|x64.ActiveCfg = Debug|x86
		{A12A85A0-61B5-4CAD-93B2-315F1131CE13}.debug64|x86.ActiveCfg = Debug|x86
		{A12A85A0-61B5-4CAD-93B2-315F1131CE13}.debug64|x86.Build.0 = Debug|x86
		{A12A85A0-61B5-4CAD-93B2-315F1131CE13}.Release|Any CPU.ActiveCfg = Release|x86
		{A12A85A0-61B5-4CAD-93B2-315F1131CE13}.Release|Mixed Platforms.ActiveCfg = Release|x86
		{A12A85A0-61B5-4CAD-93B2-315F1131CE13}.Release|Mixed Platforms.Build.0 = Release|x86
		{A12A85A0-61B5-4CAD-93B2-315F1131CE13}.Release|Win32.ActiveCfg = Release|x86
		{A12A85A0-61B5-4CAD-93B2-315F1131CE13}.Release|x64.ActiveCfg = Release|x86
		{A12A85A0-61B5-4CAD-93B2-315F1131CE13}.Release|x86.ActiveCfg = Release|x86
		{A12A85A0-61B5-4CAD-93B2-315F1131CE13}.Release|x86.Build.0 = Release|x86
		{AFB07ED8-F0C5-4272-963B-0029AE311E05}.db32|Any CPU.ActiveCfg = db32|Win32
		{AFB07ED8-F0C5-4272-963B-0029AE311E05}.db32|Mixed Platforms.ActiveCfg = db32|Win32
		{AFB07ED8-F0C5-4272-963B-0029AE311E05}.db32|Win32.ActiveCfg = db32|Win32
		{AFB07ED8-F0C5-4272-963B-0029AE311E05}.db32|Win32.Build.0 = db32|Win32
		{AFB07ED8-F0C5-4272-963B-0029AE311E05}.db32|x64.ActiveCfg = db32|Win32
		{AFB07ED8-F0C5-4272-963B-0029AE311E05}.db32|x86.ActiveCfg = db32|Win32
		{AFB07ED8-F0C5-4272-963B-0029AE311E05}.db64|Any CPU.ActiveCfg = db32|Win32
		{AFB07ED8-F0C5-4272-963B-0029AE311E05}.db64|Mixed Platforms.ActiveCfg = db32|Win32
		{AFB07ED8-F0C5-4272-963B-0029AE311E05}.db64|Win32.ActiveCfg = db32|Win32
		{AFB07ED8-F0C5-4272-963B-0029AE311E05}.db64|Win32.Build.0 = db32|Win32
		{AFB07ED8-F0C5-4272-963B-0029AE311E05}.db64|x64.ActiveCfg = db32|Win32
		{AFB07ED8-F0C5-4272-963B-0029AE311E05}.db64|x86.ActiveCfg = db32|Win32
		{AFB07ED8-F0C5-4272-963B-0029AE311E05}.Debug|Any CPU.ActiveCfg = Debug|Win32
		{AFB07ED8-F0C5-4272-963B-0029AE311E05}.Debug|Mixed Platforms.ActiveCfg = Debug|Win32
		{AFB07ED8-F0C5-4272-963B-0029AE311E05}.Debug|Mixed Platforms.Build.0 = Debug|Win32
		{AFB07ED8-F0C5-4272-963B-0029AE311E05}.Debug|Win32.ActiveCfg = Debug|Win32
		{AFB07ED8-F0C5-4272-963B-0029AE311E05}.Debug|Win32.Build.0 = Debug|Win32
		{AFB07ED8-F0C5-4272-963B-0029AE311E05}.Debug|x64.ActiveCfg = Debug|Win32
		{AFB07ED8-F0C5-4272-963B-0029AE311E05}.Debug|x86.ActiveCfg = Debug|Win32
		{AFB07ED8-F0C5-4272-963B-0029AE311E05}.debug64|Any CPU.ActiveCfg = Debug|Win32
		{AFB07ED8-F0C5-4272-963B-0029AE311E05}.debug64|Mixed Platforms.ActiveCfg = Debug|Win32
		{AFB07ED8-F0C5-4272-963B-0029AE311E05}.debug64|Win32.ActiveCfg = Debug|Win32
		{AFB07ED8-F0C5-4272-963B-0029AE311E05}.debug64|Win32.Build.0 = Debug|Win32
		{AFB07ED8-F0C5-4272-963B-0029AE311E05}.debug64|x64.ActiveCfg = Debug|Win32
		{AFB07ED8-F0C5-4272-963B-0029AE311E05}.debug64|x86.ActiveCfg = Debug|Win32
		{AFB07ED8-F0C5-4272-963B-0029AE311E05}.Release|Any CPU.ActiveCfg = Release|Win32
		{AFB07ED8-F0C5-4272-963B-0029AE311E05}.Release|Mixed Platforms.ActiveCfg = Release|Win32
		{AFB07ED8-F0C5-4272-963B-0029AE311E05}.Release|Mixed Platforms.Build.0 = Release|Win32
		{AFB07ED8-F0C5-4272-963B-0029AE311E05}.Release|Win32.ActiveCfg = Release|Win32
		{AFB07ED8-F0C5-4272-963B-0029AE311E05}.Release|Win32.Build.0 = Release|Win32
		{AFB07ED8-F0C5-4272-963B-0029AE311E05}.Release|x64.ActiveCfg = Release|Win32
		{AFB07ED8-F0C5-4272-963B-0029AE311E05}.Release|x86.ActiveCfg = Release|Win32
		{D6B67C3A-3CE6-454A-9566-7940B63E891E}.db32|Any CPU.ActiveCfg = db32|x64
		{D6B67C3A-3CE6-454A-9566-7940B63E891E}.db32|Mixed Platforms.ActiveCfg = db32|Win32
		{D6B67C3A-3CE6-454A-9566-7940B63E891E}.db32|Mixed Platforms.Build.0 = db32|Win32
		{D6B67C3A-3CE6-454A-9566-7940B63E891E}.db32|Win32.ActiveCfg = db32|Win32
		{D6B67C3A-3CE6-454A-9566-7940B63E891E}.db32|Win32.Build.0 = db32|Win32
		{D6B67C3A-3CE6-454A-9566-7940B63E891E}.db32|x64.ActiveCfg = db32|x64
		{D6B67C3A-3CE6-454A-9566-7940B63E891E}.db32|x64.Build.0 = db32|x64
		{D6B67C3A-3CE6-454A-9566-7940B63E891E}.db32|x86.ActiveCfg = db32|Win32
		{D6B67C3A-3CE6-454A-9566-7940B63E891E}.db64|Any CPU.ActiveCfg = db32|x64
		{D6B67C3A-3CE6-454A-9566-7940B63E891E}.db64|Mixed Platforms.ActiveCfg = db32|x64
		{D6B67C3A-3CE6-454A-9566-7940B63E891E}.db64|Mixed Platforms.Build.0 = db32|x64
		{D6B67C3A-3CE6-454A-9566-7940B63E891E}.db64|Win32.ActiveCfg = db32|x64
		{D6B67C3A-3CE6-454A-9566-7940B63E891E}.db64|x64.ActiveCfg = db32|x64
		{D6B67C3A-3CE6-454A-9566-7940B63E891E}.db64|x64.Build.0 = db32|x64
		{D6B67C3A-3CE6-454A-9566-7940B63E891E}.db64|x86.ActiveCfg = db32|x64
		{D6B67C3A-3CE6-454A-9566-7940B63E891E}.Debug|Any CPU.ActiveCfg = Debug|x64
		{D6B67C3A-3CE6-454A-9566-7940B63E891E}.Debug|Mixed Platforms.ActiveCfg = Debug|Win32
		{D6B67C3A-3CE6-454A-9566-7940B63E891E}.Debug|Mixed Platforms.Build.0 = Debug|Win32
		{D6B67C3A-3CE6-454A-9566-7940B63E891E}.Debug|Win32.ActiveCfg = Debug|Win32
		{D6B67C3A-3CE6-454A-9566-7940B63E891E}.Debug|Win32.Build.0 = Debug|Win32
		{D6B67C3A-3CE6-454A-9566-7940B63E891E}.Debug|x64.ActiveCfg = Debug|x64
		{D6B67C3A-3CE6-454A-9566-7940B63E891E}.Debug|x64.Build.0 = Debug|x64
		{D6B67C3A-3CE6-454A-9566-7940B63E891E}.Debug|x86.ActiveCfg = Debug|Win32
		{D6B67C3A-3CE6-454A-9566-7940B63E891E}.debug64|Any CPU.ActiveCfg = debug64|x64
		{D6B67C3A-3CE6-454A-9566-7940B63E891E}.debug64|Mixed Platforms.ActiveCfg = debug64|x64
		{D6B67C3A-3CE6-454A-9566-7940B63E891E}.debug64|Mixed Platforms.Build.0 = debug64|x64
		{D6B67C3A-3CE6-454A-9566-7940B63E891E}.debug64|Win32.ActiveCfg = debug64|Win32
		{D6B67C3A-3CE6-454A-9566-7940B63E891E}.debug64|Win32.Build.0 = debug64|Win32
		{D6B67C3A-3CE6-454A-9566-7940B63E891E}.debug64|x64.ActiveCfg = debug64|x64
		{D6B67C3A-3CE6-454A-9566-7940B63E891E}.debug64|x64.Build.0 = debug64|x64
		{D6B67C3A-3CE6-454A-9566-7940B63E891E}.debug64|x86.ActiveCfg = debug64|x64
		{D6B67C3A-3CE6-454A-9566-7940B63E891E}.Release|Any CPU.ActiveCfg = Release|x64
		{D6B67C3A-3CE6-454A-9566-7940B63E891E}.Release|Mixed Platforms.ActiveCfg = Release|Win32
		{D6B67C3A-3CE6-454A-9566-7940B63E891E}.Release|Mixed Platforms.Build.0 = Release|Win32
		{D6B67C3A-3CE6-454A-9566-7940B63E891E}.Release|Win32.ActiveCfg = Release|Win32
		{D6B67C3A-3CE6-454A-9566-7940B63E891E}.Release|Win32.Build.0 = Release|Win32
		{D6B67C3A-3CE6-454A-9566-7940B63E891E}.Release|x64.ActiveCfg = Release|x64
		{D6B67C3A-3CE6-454A-9566-7940B63E891E}.Release|x64.Build.0 = Release|x64
		{D6B67C3A-3CE6-454A-9566-7940B63E891E}.Release|x86.ActiveCfg = Release|Win32
	EndGlobalSection
	GlobalSection(SolutionProperties) = preSolution
		HideSolutionNode = FALSE
	EndGlobalSection
EndGlobal
